{
  "lockfileVersion": 1,
  "configVersion": 1,
  "workspaces": {
    "": {
      "name": "exploring-agents",
      "dependencies": {
        "graphql": "^16.13.0",
      },
    },
  },
  "packages": {
    "graphql": ["graphql@16.13.0", "", {}, "sha512-uSisMYERbaB9bkA9M4/4dnqyktaEkf1kMHNKq/7DHyxVeWqHQ2mBmVqm5u6/FVHwF3iCNalKcg82Zfl+tffWoA=="],
  }
}
